
Microsoft Visual Studio Solution File, Format Version 12.00
# Visual Studio Version 17
VisualStudioVersion = 17.7.34202.233
MinimumVisualStudioVersion = 10.0.40219.1
Project("{9A19103F-16F7-4668-BE54-9A1E7A4F7556}") = "TangyWeb_Server", "TangyWeb_Server\TangyWeb_Server.csproj", "{CC4E2D38-D233-4B4C-BC20-0C50BE0769DF}"
EndProject
Project("{9A19103F-16F7-4668-BE54-9A1E7A4F7556}") = "TangyWeb_Client", "TangyWeb_Client\TangyWeb_Client.csproj", "{F6B6146F-D431-4B3C-B836-4A7581965730}"
EndProject
Project("{9A19103F-16F7-4668-BE54-9A1E7A4F7556}") = "Tangy_Models", "Tangy_Models\Tangy_Models.csproj", "{185B4E7D-79A2-4C2A-81DA-4430405B6002}"
EndProject
Project("{FAE04EC0-301F-11D3-BF4B-00C04F79EFBC}") = "Tangy_Business", "Tangy_Business\Tangy_Business.csproj", "{14C39522-F6EF-42BF-A83B-695F7C2DB254}"
EndProject
Project("{FAE04EC0-301F-11D3-BF4B-00C04F79EFBC}") = "Tangy_Common", "Tangy_Common\Tangy_Common.csproj", "{0CE5DC19-5C39-4448-890F-75A6B6097002}"
EndProject
Project("{FAE04EC0-301F-11D3-BF4B-00C04F79EFBC}") = "Tangy_DataAccess", "Tangy_DataAccess\Tangy_DataAccess.csproj", "{85469D05-A997-4EAD-B6A8-8CB270B8E75B}"
EndProject
Global
	GlobalSection(SolutionConfigurationPlatforms) = preSolution
		Debug|Any CPU = Debug|Any CPU
		Release|Any CPU = Release|Any CPU
	EndGlobalSection
	GlobalSection(ProjectConfigurationPlatforms) = postSolution
		{CC4E2D38-D233-4B4C-BC20-0C50BE0769DF}.Debug|Any CPU.ActiveCfg = Debug|Any CPU
		{CC4E2D38-D233-4B4C-BC20-0C50BE0769DF}.Debug|Any CPU.Build.0 = Debug|Any CPU
		{CC4E2D38-D233-4B4C-BC20-0C50BE0769DF}.Release|Any CPU.ActiveCfg = Release|Any CPU
		{CC4E2D38-D233-4B4C-BC20-0C50BE0769DF}.Release|Any CPU.Build.0 = Release|Any CPU
		{F6B6146F-D431-4B3C-B836-4A7581965730}.Debug|Any CPU.ActiveCfg = Debug|Any CPU
		{F6B6146F-D431-4B3C-B836-4A7581965730}.Debug|Any CPU.Build.0 = Debug|Any CPU
		{F6B6146F-D431-4B3C-B836-4A7581965730}.Release|Any CPU.ActiveCfg = Release|Any CPU
		{F6B6146F-D431-4B3C-B836-4A7581965730}.Release|Any CPU.Build.0 = Release|Any CPU
		{185B4E7D-79A2-4C2A-81DA-4430405B6002}.Debug|Any CPU.ActiveCfg = Debug|Any CPU
		{185B4E7D-79A2-4C2A-81DA-4430405B6002}.Debug|Any CPU.Build.0 = Debug|Any CPU
		{185B4E7D-79A2-4C2A-81DA-4430405B6002}.Release|Any CPU.ActiveCfg = Release|Any CPU
		{185B4E7D-79A2-4C2A-81DA-4430405B6002}.Release|Any CPU.Build.0 = Release|Any CPU
		{14C39522-F6EF-42BF-A83B-695F7C2DB254}.Debug|Any CPU.ActiveCfg = Debug|Any CPU
		{14C39522-F6EF-42BF-A83B-695F7C2DB254}.Debug|Any CPU.Build.0 = Debug|Any CPU
		{14C39522-F6EF-42BF-A83B-695F7C2DB254}.Release|Any CPU.ActiveCfg = Release|Any CPU
		{14C39522-F6EF-42BF-A83B-695F7C2DB254}.Release|Any CPU.Build.0 = Release|Any CPU
		{0CE5DC19-5C39-4448-890F-75A6B6097002}.Debug|Any CPU.ActiveCfg = Debug|Any CPU
		{0CE5DC19-5C39-4448-890F-75A6B6097002}.Debug|Any CPU.Build.0 = Debug|Any CPU
		{0CE5DC19-5C39-4448-890F-75A6B6097002}.Release|Any CPU.ActiveCfg = Release|Any CPU
		{0CE5DC19-5C39-4448-890F-75A6B6097002}.Release|Any CPU.Build.0 = Release|Any CPU
		{85469D05-A997-4EAD-B6A8-8CB270B8E75B}.Debug|Any CPU.ActiveCfg = Debug|Any CPU
		{85469D05-A997-4EAD-B6A8-8CB270B8E75B}.Debug|Any CPU.Build.0 = Debug|Any CPU
		{85469D05-A997-4EAD-B6A8-8CB270B8E75B}.Release|Any CPU.ActiveCfg = Release|Any CPU
		{85469D05-A997-4EAD-B6A8-8CB270B8E75B}.Release|Any CPU.Build.0 = Release|Any CPU
	EndGlobalSection
	GlobalSection(SolutionProperties) = preSolution
		HideSolutionNode = FALSE
	EndGlobalSection
	GlobalSection(ExtensibilityGlobals) = postSolution
		SolutionGuid = {9B2A961E-4F21-4291-9C14-94AAF2671BC2}
	EndGlobalSection
EndGlobal
